
Microsoft Visual Studio Solution File, Format Version 12.00
# Visual Studio Version 17
VisualStudioVersion = 17.4.33103.184
MinimumVisualStudioVersion = 10.0.40219.1
Project("{9A19103F-16F7-4668-BE54-9A1E7A4F7556}") = "MySolution.Models", "MySolution.ViewModels\MySolution.Models.csproj", "{82B9D00D-BA5B-4A23-A93B-7DDDAD163342}"
EndProject
Project("{9A19103F-16F7-4668-BE54-9A1E7A4F7556}") = "MySolution.BackendApi", "MySolution.BackendApi\MySolution.BackendApi.csproj", "{37837DE5-1226-4AD1-8022-C442E462774A}"
EndProject
Project("{9A19103F-16F7-4668-BE54-9A1E7A4F7556}") = "Mysolution.ApiIntergration", "Mysolution.ApiIntergration\Mysolution.ApiIntergration.csproj", "{1189AFCD-0F0B-4DC9-AC3A-0210D497FD47}"
EndProject
Project("{9A19103F-16F7-4668-BE54-9A1E7A4F7556}") = "Mysolution.AdminApp", "Mysolution.AdminApp\Mysolution.AdminApp.csproj", "{40070701-5C32-4756-B4A6-79D53DA5BFA6}"
EndProject
Project("{FAE04EC0-301F-11D3-BF4B-00C04F79EFBC}") = "Mysolution.WebApp", "Mysolution.WebApp\Mysolution.WebApp.csproj", "{C8339D1A-D642-4504-BA0D-ACB860B728CE}"
EndProject
Global
	GlobalSection(SolutionConfigurationPlatforms) = preSolution
		Debug|Any CPU = Debug|Any CPU
		Release|Any CPU = Release|Any CPU
	EndGlobalSection
	GlobalSection(ProjectConfigurationPlatforms) = postSolution
		{82B9D00D-BA5B-4A23-A93B-7DDDAD163342}.Debug|Any CPU.ActiveCfg = Debug|Any CPU
		{82B9D00D-BA5B-4A23-A93B-7DDDAD163342}.Debug|Any CPU.Build.0 = Debug|Any CPU
		{82B9D00D-BA5B-4A23-A93B-7DDDAD163342}.Release|Any CPU.ActiveCfg = Release|Any CPU
		{82B9D00D-BA5B-4A23-A93B-7DDDAD163342}.Release|Any CPU.Build.0 = Release|Any CPU
		{37837DE5-1226-4AD1-8022-C442E462774A}.Debug|Any CPU.ActiveCfg = Debug|Any CPU
		{37837DE5-1226-4AD1-8022-C442E462774A}.Debug|Any CPU.Build.0 = Debug|Any CPU
		{37837DE5-1226-4AD1-8022-C442E462774A}.Release|Any CPU.ActiveCfg = Release|Any CPU
		{37837DE5-1226-4AD1-8022-C442E462774A}.Release|Any CPU.Build.0 = Release|Any CPU
		{1189AFCD-0F0B-4DC9-AC3A-0210D497FD47}.Debug|Any CPU.ActiveCfg = Debug|Any CPU
		{1189AFCD-0F0B-4DC9-AC3A-0210D497FD47}.Debug|Any CPU.Build.0 = Debug|Any CPU
		{1189AFCD-0F0B-4DC9-AC3A-0210D497FD47}.Release|Any CPU.ActiveCfg = Release|Any CPU
		{1189AFCD-0F0B-4DC9-AC3A-0210D497FD47}.Release|Any CPU.Build.0 = Release|Any CPU
		{40070701-5C32-4756-B4A6-79D53DA5BFA6}.Debug|Any CPU.ActiveCfg = Debug|Any CPU
		{40070701-5C32-4756-B4A6-79D53DA5BFA6}.Debug|Any CPU.Build.0 = Debug|Any CPU
		{40070701-5C32-4756-B4A6-79D53DA5BFA6}.Release|Any CPU.ActiveCfg = Release|Any CPU
		{40070701-5C32-4756-B4A6-79D53DA5BFA6}.Release|Any CPU.Build.0 = Release|Any CPU
		{C8339D1A-D642-4504-BA0D-ACB860B728CE}.Debug|Any CPU.ActiveCfg = Debug|Any CPU
		{C8339D1A-D642-4504-BA0D-ACB860B728CE}.Debug|Any CPU.Build.0 = Debug|Any CPU
		{C8339D1A-D642-4504-BA0D-ACB860B728CE}.Release|Any CPU.ActiveCfg = Release|Any CPU
		{C8339D1A-D642-4504-BA0D-ACB860B728CE}.Release|Any CPU.Build.0 = Release|Any CPU
	EndGlobalSection
	GlobalSection(SolutionProperties) = preSolution
		HideSolutionNode = FALSE
	EndGlobalSection
	GlobalSection(ExtensibilityGlobals) = postSolution
		SolutionGuid = {5EB0C504-C74C-4AB0-8023-7AA455EC64BF}
	EndGlobalSection
EndGlobal
